
Microsoft Visual Studio Solution File, Format Version 12.00
# Visual Studio Version 17
VisualStudioVersion = 17.4.33122.133
MinimumVisualStudioVersion = 10.0.40219.1
Project("{FAE04EC0-301F-11D3-BF4B-00C04F79EFBC}") = "SampleCoreAPI", "SampleCoreAPI\SampleCoreAPI.csproj", "{C5C82050-7BD8-4AD1-B55E-2C6E22B91839}"
EndProject
Global
	GlobalSection(SolutionConfigurationPlatforms) = preSolution
		Debug|Any CPU = Debug|Any CPU
		Release|Any CPU = Release|Any CPU
	EndGlobalSection
	GlobalSection(ProjectConfigurationPlatforms) = postSolution
		{C5C82050-7BD8-4AD1-B55E-2C6E22B91839}.Debug|Any CPU.ActiveCfg = Debug|Any CPU
		{C5C82050-7BD8-4AD1-B55E-2C6E22B91839}.Debug|Any CPU.Build.0 = Debug|Any CPU
		{C5C82050-7BD8-4AD1-B55E-2C6E22B91839}.Release|Any CPU.ActiveCfg = Release|Any CPU
		{C5C82050-7BD8-4AD1-B55E-2C6E22B91839}.Release|Any CPU.Build.0 = Release|Any CPU
	EndGlobalSection
	GlobalSection(SolutionProperties) = preSolution
		HideSolutionNode = FALSE
	EndGlobalSection
	GlobalSection(ExtensibilityGlobals) = postSolution
		SolutionGuid = {F4AC1B8A-4961-4A39-8E51-D5BC5E00F372}
	EndGlobalSection
EndGlobal
